// !$*UTF8*$!
{
	archiveVersion = 1;
	classes = {
	};
	objectVersion = 46;
	objects = {

/* Begin PBXBuildFile section */
		4DA901A61DEB2490000EF3A0 /* AppDelegate.swift in Sources */ = {isa = PBXBuildFile; fileRef = 4DA901A51DEB2490000EF3A0 /* AppDelegate.swift */; };
		4DA901A81DEB2490000EF3A0 /* ViewController.swift in Sources */ = {isa = PBXBuildFile; fileRef = 4DA901A71DEB2490000EF3A0 /* ViewController.swift */; };
		4DA901AB1DEB2490000EF3A0 /* Main.storyboard in Resources */ = {isa = PBXBuildFile; fileRef = 4DA901A91DEB2490000EF3A0 /* Main.storyboard */; };
		4DA901AD1DEB2490000EF3A0 /* Images.xcassets in Resources */ = {isa = PBXBuildFile; fileRef = 4DA901AC1DEB2490000EF3A0 /* Images.xcassets */; };
		4DA901B01DEB2490000EF3A0 /* LaunchScreen.xib in Resources */ = {isa = PBXBuildFile; fileRef = 4DA901AE1DEB2490000EF3A0 /* LaunchScreen.xib */; };
		4DA901BC1DEB2491000EF3A0 /* ch0502buttonTests.swift in Sources */ = {isa = PBXBuildFile; fileRef = 4DA901BB1DEB2491000EF3A0 /* ch0502buttonTests.swift */; };
/* End PBXBuildFile section */

/* Begin PBXContainerItemProxy section */
		4DA901B61DEB2491000EF3A0 /* PBXContainerItemProxy */ = {
			isa = PBXContainerItemProxy;
			containerPortal = 4DA901981DEB2490000EF3A0 /* Project object */;
			proxyType = 1;
			remoteGlobalIDString = 4DA9019F1DEB2490000EF3A0;
			remoteInfo = ch0502button;
		};
/* End PBXContainerItemProxy section */

/* Begin PBXFileReference section */
		4DA901A01DEB2490000EF3A0 /* ch0502button.app */ = {isa = PBXFileReference; explicitFileType = wrapper.application; includeInIndex = 0; path = ch0502button.app; sourceTree = BUILT_PRODUCTS_DIR; };
		4DA901A41DEB2490000EF3A0 /* Info.plist */ = {isa = PBXFileReference; lastKnownFileType = text.plist.xml; path = Info.plist; sourceTree = "<group>"; };
		4DA901A51DEB2490000EF3A0 /* AppDelegate.swift */ = {isa = PBXFileReference; lastKnownFileType = sourcecode.swift; path = AppDelegate.swift; sourceTree = "<group>"; };
		4DA901A71DEB2490000EF3A0 /* ViewController.swift */ = {isa = PBXFileReference; lastKnownFileType = sourcecode.swift; path = ViewController.swift; sourceTree = "<group>"; };
		4DA901AA1DEB2490000EF3A0 /* Base */ = {isa = PBXFileReference; lastKnownFileType = file.storyboard; name = Base; path = Base.lproj/Main.storyboard; sourceTree = "<group>"; };
		4DA901AC1DEB2490000EF3A0 /* Images.xcassets */ = {isa = PBXFileReference; lastKnownFileType = folder.assetcatalog; path = Images.xcassets; sourceTree = "<group>"; };
		4DA901AF1DEB2490000EF3A0 /* Base */ = {isa = PBXFileReference; lastKnownFileType = file.xib; name = Base; path = Base.lproj/LaunchScreen.xib; sourceTree = "<group>"; };
		4DA901B51DEB2491000EF3A0 /* ch0502buttonTests.xctest */ = {isa = PBXFileReference; explicitFileType = wrapper.cfbundle; includeInIndex = 0; path = ch0502buttonTests.xctest; sourceTree = BUILT_PRODUCTS_DIR; };
		4DA901BA1DEB2491000EF3A0 /* Info.plist */ = {isa = PBXFileReference; lastKnownFileType = text.plist.xml; path = Info.plist; sourceTree = "<group>"; };
		4DA901BB1DEB2491000EF3A0 /* ch0502buttonTests.swift */ = {isa = PBXFileReference; lastKnownFileType = sourcecode.swift; path = ch0502buttonTests.swift; sourceTree = "<group>"; };
/* End PBXFileReference section */

/* Begin PBXFrameworksBuildPhase section */
		4DA9019D1DEB2490000EF3A0 /* Frameworks */ = {
			isa = PBXFrameworksBuildPhase;
			buildActionMask = 2147483647;
			files = (
			);
			runOnlyForDeploymentPostprocessing = 0;
		};
		4DA901B21DEB2491000EF3A0 /* Frameworks */ = {
			isa = PBXFrameworksBuildPhase;
			buildActionMask = 2147483647;
			files = (
			);
			runOnlyForDeploymentPostprocessing = 0;
		};
/* End PBXFrameworksBuildPhase section */

/* Begin PBXGroup section */
		4DA901971DEB2490000EF3A0 = {
			isa = PBXGroup;
			children = (
				4DA901A21DEB2490000EF3A0 /* ch0502button */,
				4DA901B81DEB2491000EF3A0 /* ch0502buttonTests */,
				4DA901A11DEB2490000EF3A0 /* Products */,
			);
			sourceTree = "<group>";
		};
		4DA901A11DEB2490000EF3A0 /* Products */ = {
			isa = PBXGroup;
			children = (
				4DA901A01DEB2490000EF3A0 /* ch0502button.app */,
				4DA901B51DEB2491000EF3A0 /* ch0502buttonTests.xctest */,
			);
			name = Products;
			sourceTree = "<group>";
		};
		4DA901A21DEB2490000EF3A0 /* ch0502button */ = {
			isa = PBXGroup;
			children = (
				4DA901A51DEB2490000EF3A0 /* AppDelegate.swift */,
				4DA901A71DEB2490000EF3A0 /* ViewController.swift */,
				4DA901A91DEB2490000EF3A0 /* Main.storyboard */,
				4DA901AC1DEB2490000EF3A0 /* Images.xcassets */,
				4DA901AE1DEB2490000EF3A0 /* LaunchScreen.xib */,
				4DA901A31DEB2490000EF3A0 /* Supporting Files */,
			);
			path = ch0502button;
			sourceTree = "<group>";
		};
		4DA901A31DEB2490000EF3A0 /* Supporting Files */ = {
			isa = PBXGroup;
			children = (
				4DA901A41DEB2490000EF3A0 /* Info.plist */,
			);
			name = "Supporting Files";
			sourceTree = "<group>";
		};
		4DA901B81DEB2491000EF3A0 /* ch0502buttonTests */ = {
			isa = PBXGroup;
			children = (
				4DA901BB1DEB2491000EF3A0 /* ch0502buttonTests.swift */,
				4DA901B91DEB2491000EF3A0 /* Supporting Files */,
			);
			path = ch0502buttonTests;
			sourceTree = "<group>";
		};
		4DA901B91DEB2491000EF3A0 /* Supporting Files */ = {
			isa = PBXGroup;
			children = (
				4DA901BA1DEB2491000EF3A0 /* Info.plist */,
			);
			name = "Supporting Files";
			sourceTree = "<group>";
		};
/* End PBXGroup section */

/* Begin PBXNativeTarget section */
		4DA9019F1DEB2490000EF3A0 /* ch0502button */ = {
			isa = PBXNativeTarget;
			buildConfigurationList = 4DA901BF1DEB2491000EF3A0 /* Build configuration list for PBXNativeTarget "ch0502button" */;
			buildPhases = (
				4DA9019C1DEB2490000EF3A0 /* Sources */,
				4DA9019D1DEB2490000EF3A0 /* Frameworks */,
				4DA9019E1DEB2490000EF3A0 /* Resources */,
			);
			buildRules = (
			);
			dependencies = (
			);
			name = ch0502button;
			productName = ch0502button;
			productReference = 4DA901A01DEB2490000EF3A0 /* ch0502button.app */;
			productType = "com.apple.product-type.application";
		};
		4DA901B41DEB2491000EF3A0 /* ch0502buttonTests */ = {
			isa = PBXNativeTarget;
			buildConfigurationList = 4DA901C21DEB2491000EF3A0 /* Build configuration list for PBXNativeTarget "ch0502buttonTests" */;
			buildPhases = (
				4DA901B11DEB2491000EF3A0 /* Sources */,
				4DA901B21DEB2491000EF3A0 /* Frameworks */,
				4DA901B31DEB2491000EF3A0 /* Resources */,
			);
			buildRules = (
			);
			dependencies = (
				4DA901B71DEB2491000EF3A0 /* PBXTargetDependency */,
			);
			name = ch0502buttonTests;
			productName = ch0502buttonTests;
			productReference = 4DA901B51DEB2491000EF3A0 /* ch0502buttonTests.xctest */;
			productType = "com.apple.product-type.bundle.unit-test";
		};
/* End PBXNativeTarget section */

/* Begin PBXProject section */
		4DA901981DEB2490000EF3A0 /* Project object */ = {
			isa = PBXProject;
			attributes = {
				LastUpgradeCheck = 0630;
				ORGANIZATIONNAME = zhizhi;
				TargetAttributes = {
					4DA9019F1DEB2490000EF3A0 = {
						CreatedOnToolsVersion = 6.3.2;
					};
					4DA901B41DEB2491000EF3A0 = {
						CreatedOnToolsVersion = 6.3.2;
						TestTargetID = 4DA9019F1DEB2490000EF3A0;
					};
				};
			};
			buildConfigurationList = 4DA9019B1DEB2490000EF3A0 /* Build configuration list for PBXProject "ch0502button" */;
			compatibilityVersion = "Xcode 3.2";
			developmentRegion = English;
			hasScannedForEncodings = 0;
			knownRegions = (
				en,
				Base,
			);
			mainGroup = 4DA901971DEB2490000EF3A0;
			productRefGroup = 4DA901A11DEB2490000EF3A0 /* Products */;
			projectDirPath = "";
			projectRoot = "";
			targets = (
				4DA9019F1DEB2490000EF3A0 /* ch0502button */,
				4DA901B41DEB2491000EF3A0 /* ch0502buttonTests */,
			);
		};
/* End PBXProject section */

/* Begin PBXResourcesBuildPhase section */
		4DA9019E1DEB2490000EF3A0 /* Resources */ = {
			isa = PBXResourcesBuildPhase;
			buildActionMask = 2147483647;
			files = (
				4DA901AB1DEB2490000EF3A0 /* Main.storyboard in Resources */,
				4DA901B01DEB2490000EF3A0 /* LaunchScreen.xib in Resources */,
				4DA901AD1DEB2490000EF3A0 /* Images.xcassets in Resources */,
			);
			runOnlyForDeploymentPostprocessing = 0;
		};
		4DA901B31DEB2491000EF3A0 /* Resources */ = {
			isa = PBXResourcesBuildPhase;
			buildActionMask = 2147483647;
			files = (
			);
			runOnlyForDeploymentPostprocessing = 0;
		};
/* End PBXResourcesBuildPhase section */

/* Begin PBXSourcesBuildPhase section */
		4DA9019C1DEB2490000EF3A0 /* Sources */ = {
			isa = PBXSourcesBuildPhase;
			buildActionMask = 2147483647;
			files = (
				4DA901A81DEB2490000EF3A0 /* ViewController.swift in Sources */,
				4DA901A61DEB2490000EF3A0 /* AppDelegate.swift in Sources */,
			);
			runOnlyForDeploymentPostprocessing = 0;
		};
		4DA901B11DEB2491000EF3A0 /* Sources */ = {
			isa = PBXSourcesBuildPhase;
			buildActionMask = 2147483647;
			files = (
				4DA901BC1DEB2491000EF3A0 /* ch0502buttonTests.swift in Sources */,
			);
			runOnlyForDeploymentPostprocessing = 0;
		};
/* End PBXSourcesBuildPhase section */

/* Begin PBXTargetDependency section */
		4DA901B71DEB2491000EF3A0 /* PBXTargetDependency */ = {
			isa = PBXTargetDependency;
			target = 4DA9019F1DEB2490000EF3A0 /* ch0502button */;
			targetProxy = 4DA901B61DEB2491000EF3A0 /* PBXContainerItemProxy */;
		};
/* End PBXTargetDependency section */

/* Begin PBXVariantGroup section */
		4DA901A91DEB2490000EF3A0 /* Main.storyboard */ = {
			isa = PBXVariantGroup;
			children = (
				4DA901AA1DEB2490000EF3A0 /* Base */,
			);
			name = Main.storyboard;
			sourceTree = "<group>";
		};
		4DA901AE1DEB2490000EF3A0 /* LaunchScreen.xib */ = {
			isa = PBXVariantGroup;
			children = (
				4DA901AF1DEB2490000EF3A0 /* Base */,
			);
			name = LaunchScreen.xib;
			sourceTree = "<group>";
		};
/* End PBXVariantGroup section */

/* Begin XCBuildConfiguration section */
		4DA901BD1DEB2491000EF3A0 /* Debug */ = {
			isa = XCBuildConfiguration;
			buildSettings = {
				ALWAYS_SEARCH_USER_PATHS = NO;
				CLANG_CXX_LANGUAGE_STANDARD = "gnu++0x";
				CLANG_CXX_LIBRARY = "libc++";
				CLANG_ENABLE_MODULES = YES;
				CLANG_ENABLE_OBJC_ARC = YES;
				CLANG_WARN_BOOL_CONVERSION = YES;
				CLANG_WARN_CONSTANT_CONVERSION = YES;
				CLANG_WARN_DIRECT_OBJC_ISA_USAGE = YES_ERROR;
				CLANG_WARN_EMPTY_BODY = YES;
				CLANG_WARN_ENUM_CONVERSION = YES;
				CLANG_WARN_INT_CONVERSION = YES;
				CLANG_WARN_OBJC_ROOT_CLASS = YES_ERROR;
				CLANG_WARN_UNREACHABLE_CODE = YES;
				CLANG_WARN__DUPLICATE_METHOD_MATCH = YES;
				"CODE_SIGN_IDENTITY[sdk=iphoneos*]" = "iPhone Developer";
				COPY_PHASE_STRIP = NO;
				DEBUG_INFORMATION_FORMAT = "dwarf-with-dsym";
				ENABLE_STRICT_OBJC_MSGSEND = YES;
				GCC_C_LANGUAGE_STANDARD = gnu99;
				GCC_DYNAMIC_NO_PIC = NO;
				GCC_NO_COMMON_BLOCKS = YES;
				GCC_OPTIMIZATION_LEVEL = 0;
				GCC_PREPROCESSOR_DEFINITIONS = (
					"DEBUG=1",
					"$(inherited)",
				);
				GCC_SYMBOLS_PRIVATE_EXTERN = NO;
				GCC_WARN_64_TO_32_BIT_CONVERSION = YES;
				GCC_WARN_ABOUT_RETURN_TYPE = YES_ERROR;
				GCC_WARN_UNDECLARED_SELECTOR = YES;
				GCC_WARN_UNINITIALIZED_AUTOS = YES_AGGRESSIVE;
				GCC_WARN_UNUSED_FUNCTION = YES;
				GCC_WARN_UNUSED_VARIABLE = YES;
				IPHONEOS_DEPLOYMENT_TARGET = 8.3;
				MTL_ENABLE_DEBUG_INFO = YES;
				ONLY_ACTIVE_ARCH = YES;
				SDKROOT = iphoneos;
				SWIFT_OPTIMIZATION_LEVEL = "-Onone";
			};
			name = Debug;
		};
		4DA901BE1DEB2491000EF3A0 /* Release */ = {
			isa = XCBuildConfiguration;
			buildSettings = {
				ALWAYS_SEARCH_USER_PATHS = NO;
				CLANG_CXX_LANGUAGE_STANDARD = "gnu++0x";
				CLANG_CXX_LIBRARY = "libc++";
				CLANG_ENABLE_MODULES = YES;
				CLANG_ENABLE_OBJC_ARC = YES;
				CLANG_WARN_BOOL_CONVERSION = YES;
				CLANG_WARN_CONSTANT_CONVERSION = YES;
				CLANG_WARN_DIRECT_OBJC_ISA_USAGE = YES_ERROR;
				CLANG_WARN_EMPTY_BODY = YES;
				CLANG_WARN_ENUM_CONVERSION = YES;
				CLANG_WARN_INT_CONVERSION = YES;
				CLANG_WARN_OBJC_ROOT_CLASS = YES_ERROR;
				CLANG_WARN_UNREACHABLE_CODE = YES;
				CLANG_WARN__DUPLICATE_METHOD_MATCH = YES;
				"CODE_SIGN_IDENTITY[sdk=iphoneos*]" = "iPhone Developer";
				COPY_PHASE_STRIP = NO;
				DEBUG_INFORMATION_FORMAT = "dwarf-with-dsym";
				ENABLE_NS_ASSERTIONS = NO;
				ENABLE_STRICT_OBJC_MSGSEND = YES;
				GCC_C_LANGUAGE_STANDARD = gnu99;
				GCC_NO_COMMON_BLOCKS = YES;
				GCC_WARN_64_TO_32_BIT_CONVERSION = YES;
				GCC_WARN_ABOUT_RETURN_TYPE = YES_ERROR;
				GCC_WARN_UNDECLARED_SELECTOR = YES;
				GCC_WARN_UNINITIALIZED_AUTOS = YES_AGGRESSIVE;
				GCC_WARN_UNUSED_FUNCTION = YES;
				GCC_WARN_UNUSED_VARIABLE = YES;
				IPHONEOS_DEPLOYMENT_TARGET = 8.3;
				MTL_ENABLE_DEBUG_INFO = NO;
				SDKROOT = iphoneos;
				VALIDATE_PRODUCT = YES;
			};
			name = Release;
		};
		4DA901C01DEB2491000EF3A0 /* Debug */ = {
			isa = XCBuildConfiguration;
			buildSettings = {
				ASSETCATALOG_COMPILER_APPICON_NAME = AppIcon;
				INFOPLIST_FILE = ch0502button/Info.plist;
				LD_RUNPATH_SEARCH_PATHS = "$(inherited) @executable_path/Frameworks";
				PRODUCT_NAME = "$(TARGET_NAME)";
			};
			name = Debug;
		};
		4DA901C11DEB2491000EF3A0 /* Release */ = {
			isa = XCBuildConfiguration;
			buildSettings = {
				ASSETCATALOG_COMPILER_APPICON_NAME = AppIcon;
				INFOPLIST_FILE = ch0502button/Info.plist;
				LD_RUNPATH_SEARCH_PATHS = "$(inherited) @executable_path/Frameworks";
				PRODUCT_NAME = "$(TARGET_NAME)";
			};
			name = Release;
		};
		4DA901C31DEB2491000EF3A0 /* Debug */ = {
			isa = XCBuildConfiguration;
			buildSettings = {
				BUNDLE_LOADER = "$(TEST_HOST)";
				FRAMEWORK_SEARCH_PATHS = (
					"$(SDKROOT)/Developer/Library/Frameworks",
					"$(inherited)",
				);
				GCC_PREPROCESSOR_DEFINITIONS = (
					"DEBUG=1",
					"$(inherited)",
				);
				INFOPLIST_FILE = ch0502buttonTests/Info.plist;
				LD_RUNPATH_SEARCH_PATHS = "$(inherited) @executable_path/Frameworks @loader_path/Frameworks";
				PRODUCT_NAME = "$(TARGET_NAME)";
				TEST_HOST = "$(BUILT_PRODUCTS_DIR)/ch0502button.app/ch0502button";
			};
			name = Debug;
		};
		4DA901C41DEB2491000EF3A0 /* Release */ = {
			isa = XCBuildConfiguration;
			buildSettings = {
				BUNDLE_LOADER = "$(TEST_HOST)";
				FRAMEWORK_SEARCH_PATHS = (
					"$(SDKROOT)/Developer/Library/Frameworks",
					"$(inherited)",
				);
				INFOPLIST_FILE = ch0502buttonTests/Info.plist;
				LD_RUNPATH_SEARCH_PATHS = "$(inherited) @executable_path/Frameworks @loader_path/Frameworks";
				PRODUCT_NAME = "$(TARGET_NAME)";
				TEST_HOST = "$(BUILT_PRODUCTS_DIR)/ch0502button.app/ch0502button";
			};
			name = Release;
		};
/* End XCBuildConfiguration section */

/* Begin XCConfigurationList section */
		4DA9019B1DEB2490000EF3A0 /* Build configuration list for PBXProject "ch0502button" */ = {
			isa = XCConfigurationList;
			buildConfigurations = (
				4DA901BD1DEB2491000EF3A0 /* Debug */,
				4DA901BE1DEB2491000EF3A0 /* Release */,
			);
			defaultConfigurationIsVisible = 0;
			defaultConfigurationName = Release;
		};
		4DA901BF1DEB2491000EF3A0 /* Build configuration list for PBXNativeTarget "ch0502button" */ = {
			isa = XCConfigurationList;
			buildConfigurations = (
				4DA901C01DEB2491000EF3A0 /* Debug */,
				4DA901C11DEB2491000EF3A0 /* Release */,
			);
			defaultConfigurationIsVisible = 0;
		};
		4DA901C21DEB2491000EF3A0 /* Build configuration list for PBXNativeTarget "ch0502buttonTests" */ = {
			isa = XCConfigurationList;
			buildConfigurations = (
				4DA901C31DEB2491000EF3A0 /* Debug */,
				4DA901C41DEB2491000EF3A0 /* Release */,
			);
			defaultConfigurationIsVisible = 0;
		};
/* End XCConfigurationList section */
	};
	rootObject = 4DA901981DEB2490000EF3A0 /* Project object */;
}
