// !$*UTF8*$!
{
	archiveVersion = 1;
	classes = {
	};
	objectVersion = 46;
	objects = {

/* Begin PBXBuildFile section */
		4D3F5D3B1DEC6AEA00E59500 /* AppDelegate.swift in Sources */ = {isa = PBXBuildFile; fileRef = 4D3F5D3A1DEC6AEA00E59500 /* AppDelegate.swift */; };
		4D3F5D3D1DEC6AEA00E59500 /* ViewController.swift in Sources */ = {isa = PBXBuildFile; fileRef = 4D3F5D3C1DEC6AEA00E59500 /* ViewController.swift */; };
		4D3F5D401DEC6AEA00E59500 /* Main.storyboard in Resources */ = {isa = PBXBuildFile; fileRef = 4D3F5D3E1DEC6AEA00E59500 /* Main.storyboard */; };
		4D3F5D421DEC6AEA00E59500 /* Images.xcassets in Resources */ = {isa = PBXBuildFile; fileRef = 4D3F5D411DEC6AEA00E59500 /* Images.xcassets */; };
		4D3F5D451DEC6AEA00E59500 /* LaunchScreen.xib in Resources */ = {isa = PBXBuildFile; fileRef = 4D3F5D431DEC6AEA00E59500 /* LaunchScreen.xib */; };
		4D3F5D511DEC6AEA00E59500 /* ch0503Tests.swift in Sources */ = {isa = PBXBuildFile; fileRef = 4D3F5D501DEC6AEA00E59500 /* ch0503Tests.swift */; };
/* End PBXBuildFile section */

/* Begin PBXContainerItemProxy section */
		4D3F5D4B1DEC6AEA00E59500 /* PBXContainerItemProxy */ = {
			isa = PBXContainerItemProxy;
			containerPortal = 4D3F5D2D1DEC6AEA00E59500 /* Project object */;
			proxyType = 1;
			remoteGlobalIDString = 4D3F5D341DEC6AEA00E59500;
			remoteInfo = ch0503;
		};
/* End PBXContainerItemProxy section */

/* Begin PBXFileReference section */
		4D3F5D351DEC6AEA00E59500 /* ch0503.app */ = {isa = PBXFileReference; explicitFileType = wrapper.application; includeInIndex = 0; path = ch0503.app; sourceTree = BUILT_PRODUCTS_DIR; };
		4D3F5D391DEC6AEA00E59500 /* Info.plist */ = {isa = PBXFileReference; lastKnownFileType = text.plist.xml; path = Info.plist; sourceTree = "<group>"; };
		4D3F5D3A1DEC6AEA00E59500 /* AppDelegate.swift */ = {isa = PBXFileReference; lastKnownFileType = sourcecode.swift; path = AppDelegate.swift; sourceTree = "<group>"; };
		4D3F5D3C1DEC6AEA00E59500 /* ViewController.swift */ = {isa = PBXFileReference; lastKnownFileType = sourcecode.swift; path = ViewController.swift; sourceTree = "<group>"; };
		4D3F5D3F1DEC6AEA00E59500 /* Base */ = {isa = PBXFileReference; lastKnownFileType = file.storyboard; name = Base; path = Base.lproj/Main.storyboard; sourceTree = "<group>"; };
		4D3F5D411DEC6AEA00E59500 /* Images.xcassets */ = {isa = PBXFileReference; lastKnownFileType = folder.assetcatalog; path = Images.xcassets; sourceTree = "<group>"; };
		4D3F5D441DEC6AEA00E59500 /* Base */ = {isa = PBXFileReference; lastKnownFileType = file.xib; name = Base; path = Base.lproj/LaunchScreen.xib; sourceTree = "<group>"; };
		4D3F5D4A1DEC6AEA00E59500 /* ch0503Tests.xctest */ = {isa = PBXFileReference; explicitFileType = wrapper.cfbundle; includeInIndex = 0; path = ch0503Tests.xctest; sourceTree = BUILT_PRODUCTS_DIR; };
		4D3F5D4F1DEC6AEA00E59500 /* Info.plist */ = {isa = PBXFileReference; lastKnownFileType = text.plist.xml; path = Info.plist; sourceTree = "<group>"; };
		4D3F5D501DEC6AEA00E59500 /* ch0503Tests.swift */ = {isa = PBXFileReference; lastKnownFileType = sourcecode.swift; path = ch0503Tests.swift; sourceTree = "<group>"; };
/* End PBXFileReference section */

/* Begin PBXFrameworksBuildPhase section */
		4D3F5D321DEC6AEA00E59500 /* Frameworks */ = {
			isa = PBXFrameworksBuildPhase;
			buildActionMask = 2147483647;
			files = (
			);
			runOnlyForDeploymentPostprocessing = 0;
		};
		4D3F5D471DEC6AEA00E59500 /* Frameworks */ = {
			isa = PBXFrameworksBuildPhase;
			buildActionMask = 2147483647;
			files = (
			);
			runOnlyForDeploymentPostprocessing = 0;
		};
/* End PBXFrameworksBuildPhase section */

/* Begin PBXGroup section */
		4D3F5D2C1DEC6AEA00E59500 = {
			isa = PBXGroup;
			children = (
				4D3F5D371DEC6AEA00E59500 /* ch0503 */,
				4D3F5D4D1DEC6AEA00E59500 /* ch0503Tests */,
				4D3F5D361DEC6AEA00E59500 /* Products */,
			);
			sourceTree = "<group>";
		};
		4D3F5D361DEC6AEA00E59500 /* Products */ = {
			isa = PBXGroup;
			children = (
				4D3F5D351DEC6AEA00E59500 /* ch0503.app */,
				4D3F5D4A1DEC6AEA00E59500 /* ch0503Tests.xctest */,
			);
			name = Products;
			sourceTree = "<group>";
		};
		4D3F5D371DEC6AEA00E59500 /* ch0503 */ = {
			isa = PBXGroup;
			children = (
				4D3F5D3A1DEC6AEA00E59500 /* AppDelegate.swift */,
				4D3F5D3C1DEC6AEA00E59500 /* ViewController.swift */,
				4D3F5D3E1DEC6AEA00E59500 /* Main.storyboard */,
				4D3F5D411DEC6AEA00E59500 /* Images.xcassets */,
				4D3F5D431DEC6AEA00E59500 /* LaunchScreen.xib */,
				4D3F5D381DEC6AEA00E59500 /* Supporting Files */,
			);
			path = ch0503;
			sourceTree = "<group>";
		};
		4D3F5D381DEC6AEA00E59500 /* Supporting Files */ = {
			isa = PBXGroup;
			children = (
				4D3F5D391DEC6AEA00E59500 /* Info.plist */,
			);
			name = "Supporting Files";
			sourceTree = "<group>";
		};
		4D3F5D4D1DEC6AEA00E59500 /* ch0503Tests */ = {
			isa = PBXGroup;
			children = (
				4D3F5D501DEC6AEA00E59500 /* ch0503Tests.swift */,
				4D3F5D4E1DEC6AEA00E59500 /* Supporting Files */,
			);
			path = ch0503Tests;
			sourceTree = "<group>";
		};
		4D3F5D4E1DEC6AEA00E59500 /* Supporting Files */ = {
			isa = PBXGroup;
			children = (
				4D3F5D4F1DEC6AEA00E59500 /* Info.plist */,
			);
			name = "Supporting Files";
			sourceTree = "<group>";
		};
/* End PBXGroup section */

/* Begin PBXNativeTarget section */
		4D3F5D341DEC6AEA00E59500 /* ch0503 */ = {
			isa = PBXNativeTarget;
			buildConfigurationList = 4D3F5D541DEC6AEA00E59500 /* Build configuration list for PBXNativeTarget "ch0503" */;
			buildPhases = (
				4D3F5D311DEC6AEA00E59500 /* Sources */,
				4D3F5D321DEC6AEA00E59500 /* Frameworks */,
				4D3F5D331DEC6AEA00E59500 /* Resources */,
			);
			buildRules = (
			);
			dependencies = (
			);
			name = ch0503;
			productName = ch0503;
			productReference = 4D3F5D351DEC6AEA00E59500 /* ch0503.app */;
			productType = "com.apple.product-type.application";
		};
		4D3F5D491DEC6AEA00E59500 /* ch0503Tests */ = {
			isa = PBXNativeTarget;
			buildConfigurationList = 4D3F5D571DEC6AEA00E59500 /* Build configuration list for PBXNativeTarget "ch0503Tests" */;
			buildPhases = (
				4D3F5D461DEC6AEA00E59500 /* Sources */,
				4D3F5D471DEC6AEA00E59500 /* Frameworks */,
				4D3F5D481DEC6AEA00E59500 /* Resources */,
			);
			buildRules = (
			);
			dependencies = (
				4D3F5D4C1DEC6AEA00E59500 /* PBXTargetDependency */,
			);
			name = ch0503Tests;
			productName = ch0503Tests;
			productReference = 4D3F5D4A1DEC6AEA00E59500 /* ch0503Tests.xctest */;
			productType = "com.apple.product-type.bundle.unit-test";
		};
/* End PBXNativeTarget section */

/* Begin PBXProject section */
		4D3F5D2D1DEC6AEA00E59500 /* Project object */ = {
			isa = PBXProject;
			attributes = {
				LastUpgradeCheck = 0630;
				ORGANIZATIONNAME = zhizhi;
				TargetAttributes = {
					4D3F5D341DEC6AEA00E59500 = {
						CreatedOnToolsVersion = 6.3.2;
					};
					4D3F5D491DEC6AEA00E59500 = {
						CreatedOnToolsVersion = 6.3.2;
						TestTargetID = 4D3F5D341DEC6AEA00E59500;
					};
				};
			};
			buildConfigurationList = 4D3F5D301DEC6AEA00E59500 /* Build configuration list for PBXProject "ch0503" */;
			compatibilityVersion = "Xcode 3.2";
			developmentRegion = English;
			hasScannedForEncodings = 0;
			knownRegions = (
				en,
				Base,
			);
			mainGroup = 4D3F5D2C1DEC6AEA00E59500;
			productRefGroup = 4D3F5D361DEC6AEA00E59500 /* Products */;
			projectDirPath = "";
			projectRoot = "";
			targets = (
				4D3F5D341DEC6AEA00E59500 /* ch0503 */,
				4D3F5D491DEC6AEA00E59500 /* ch0503Tests */,
			);
		};
/* End PBXProject section */

/* Begin PBXResourcesBuildPhase section */
		4D3F5D331DEC6AEA00E59500 /* Resources */ = {
			isa = PBXResourcesBuildPhase;
			buildActionMask = 2147483647;
			files = (
				4D3F5D401DEC6AEA00E59500 /* Main.storyboard in Resources */,
				4D3F5D451DEC6AEA00E59500 /* LaunchScreen.xib in Resources */,
				4D3F5D421DEC6AEA00E59500 /* Images.xcassets in Resources */,
			);
			runOnlyForDeploymentPostprocessing = 0;
		};
		4D3F5D481DEC6AEA00E59500 /* Resources */ = {
			isa = PBXResourcesBuildPhase;
			buildActionMask = 2147483647;
			files = (
			);
			runOnlyForDeploymentPostprocessing = 0;
		};
/* End PBXResourcesBuildPhase section */

/* Begin PBXSourcesBuildPhase section */
		4D3F5D311DEC6AEA00E59500 /* Sources */ = {
			isa = PBXSourcesBuildPhase;
			buildActionMask = 2147483647;
			files = (
				4D3F5D3D1DEC6AEA00E59500 /* ViewController.swift in Sources */,
				4D3F5D3B1DEC6AEA00E59500 /* AppDelegate.swift in Sources */,
			);
			runOnlyForDeploymentPostprocessing = 0;
		};
		4D3F5D461DEC6AEA00E59500 /* Sources */ = {
			isa = PBXSourcesBuildPhase;
			buildActionMask = 2147483647;
			files = (
				4D3F5D511DEC6AEA00E59500 /* ch0503Tests.swift in Sources */,
			);
			runOnlyForDeploymentPostprocessing = 0;
		};
/* End PBXSourcesBuildPhase section */

/* Begin PBXTargetDependency section */
		4D3F5D4C1DEC6AEA00E59500 /* PBXTargetDependency */ = {
			isa = PBXTargetDependency;
			target = 4D3F5D341DEC6AEA00E59500 /* ch0503 */;
			targetProxy = 4D3F5D4B1DEC6AEA00E59500 /* PBXContainerItemProxy */;
		};
/* End PBXTargetDependency section */

/* Begin PBXVariantGroup section */
		4D3F5D3E1DEC6AEA00E59500 /* Main.storyboard */ = {
			isa = PBXVariantGroup;
			children = (
				4D3F5D3F1DEC6AEA00E59500 /* Base */,
			);
			name = Main.storyboard;
			sourceTree = "<group>";
		};
		4D3F5D431DEC6AEA00E59500 /* LaunchScreen.xib */ = {
			isa = PBXVariantGroup;
			children = (
				4D3F5D441DEC6AEA00E59500 /* Base */,
			);
			name = LaunchScreen.xib;
			sourceTree = "<group>";
		};
/* End PBXVariantGroup section */

/* Begin XCBuildConfiguration section */
		4D3F5D521DEC6AEA00E59500 /* Debug */ = {
			isa = XCBuildConfiguration;
			buildSettings = {
				ALWAYS_SEARCH_USER_PATHS = NO;
				CLANG_CXX_LANGUAGE_STANDARD = "gnu++0x";
				CLANG_CXX_LIBRARY = "libc++";
				CLANG_ENABLE_MODULES = YES;
				CLANG_ENABLE_OBJC_ARC = YES;
				CLANG_WARN_BOOL_CONVERSION = YES;
				CLANG_WARN_CONSTANT_CONVERSION = YES;
				CLANG_WARN_DIRECT_OBJC_ISA_USAGE = YES_ERROR;
				CLANG_WARN_EMPTY_BODY = YES;
				CLANG_WARN_ENUM_CONVERSION = YES;
				CLANG_WARN_INT_CONVERSION = YES;
				CLANG_WARN_OBJC_ROOT_CLASS = YES_ERROR;
				CLANG_WARN_UNREACHABLE_CODE = YES;
				CLANG_WARN__DUPLICATE_METHOD_MATCH = YES;
				"CODE_SIGN_IDENTITY[sdk=iphoneos*]" = "iPhone Developer";
				COPY_PHASE_STRIP = NO;
				DEBUG_INFORMATION_FORMAT = "dwarf-with-dsym";
				ENABLE_STRICT_OBJC_MSGSEND = YES;
				GCC_C_LANGUAGE_STANDARD = gnu99;
				GCC_DYNAMIC_NO_PIC = NO;
				GCC_NO_COMMON_BLOCKS = YES;
				GCC_OPTIMIZATION_LEVEL = 0;
				GCC_PREPROCESSOR_DEFINITIONS = (
					"DEBUG=1",
					"$(inherited)",
				);
				GCC_SYMBOLS_PRIVATE_EXTERN = NO;
				GCC_WARN_64_TO_32_BIT_CONVERSION = YES;
				GCC_WARN_ABOUT_RETURN_TYPE = YES_ERROR;
				GCC_WARN_UNDECLARED_SELECTOR = YES;
				GCC_WARN_UNINITIALIZED_AUTOS = YES_AGGRESSIVE;
				GCC_WARN_UNUSED_FUNCTION = YES;
				GCC_WARN_UNUSED_VARIABLE = YES;
				IPHONEOS_DEPLOYMENT_TARGET = 8.3;
				MTL_ENABLE_DEBUG_INFO = YES;
				ONLY_ACTIVE_ARCH = YES;
				SDKROOT = iphoneos;
				SWIFT_OPTIMIZATION_LEVEL = "-Onone";
			};
			name = Debug;
		};
		4D3F5D531DEC6AEA00E59500 /* Release */ = {
			isa = XCBuildConfiguration;
			buildSettings = {
				ALWAYS_SEARCH_USER_PATHS = NO;
				CLANG_CXX_LANGUAGE_STANDARD = "gnu++0x";
				CLANG_CXX_LIBRARY = "libc++";
				CLANG_ENABLE_MODULES = YES;
				CLANG_ENABLE_OBJC_ARC = YES;
				CLANG_WARN_BOOL_CONVERSION = YES;
				CLANG_WARN_CONSTANT_CONVERSION = YES;
				CLANG_WARN_DIRECT_OBJC_ISA_USAGE = YES_ERROR;
				CLANG_WARN_EMPTY_BODY = YES;
				CLANG_WARN_ENUM_CONVERSION = YES;
				CLANG_WARN_INT_CONVERSION = YES;
				CLANG_WARN_OBJC_ROOT_CLASS = YES_ERROR;
				CLANG_WARN_UNREACHABLE_CODE = YES;
				CLANG_WARN__DUPLICATE_METHOD_MATCH = YES;
				"CODE_SIGN_IDENTITY[sdk=iphoneos*]" = "iPhone Developer";
				COPY_PHASE_STRIP = NO;
				DEBUG_INFORMATION_FORMAT = "dwarf-with-dsym";
				ENABLE_NS_ASSERTIONS = NO;
				ENABLE_STRICT_OBJC_MSGSEND = YES;
				GCC_C_LANGUAGE_STANDARD = gnu99;
				GCC_NO_COMMON_BLOCKS = YES;
				GCC_WARN_64_TO_32_BIT_CONVERSION = YES;
				GCC_WARN_ABOUT_RETURN_TYPE = YES_ERROR;
				GCC_WARN_UNDECLARED_SELECTOR = YES;
				GCC_WARN_UNINITIALIZED_AUTOS = YES_AGGRESSIVE;
				GCC_WARN_UNUSED_FUNCTION = YES;
				GCC_WARN_UNUSED_VARIABLE = YES;
				IPHONEOS_DEPLOYMENT_TARGET = 8.3;
				MTL_ENABLE_DEBUG_INFO = NO;
				SDKROOT = iphoneos;
				VALIDATE_PRODUCT = YES;
			};
			name = Release;
		};
		4D3F5D551DEC6AEA00E59500 /* Debug */ = {
			isa = XCBuildConfiguration;
			buildSettings = {
				ASSETCATALOG_COMPILER_APPICON_NAME = AppIcon;
				INFOPLIST_FILE = ch0503/Info.plist;
				LD_RUNPATH_SEARCH_PATHS = "$(inherited) @executable_path/Frameworks";
				PRODUCT_NAME = "$(TARGET_NAME)";
			};
			name = Debug;
		};
		4D3F5D561DEC6AEA00E59500 /* Release */ = {
			isa = XCBuildConfiguration;
			buildSettings = {
				ASSETCATALOG_COMPILER_APPICON_NAME = AppIcon;
				INFOPLIST_FILE = ch0503/Info.plist;
				LD_RUNPATH_SEARCH_PATHS = "$(inherited) @executable_path/Frameworks";
				PRODUCT_NAME = "$(TARGET_NAME)";
			};
			name = Release;
		};
		4D3F5D581DEC6AEA00E59500 /* Debug */ = {
			isa = XCBuildConfiguration;
			buildSettings = {
				BUNDLE_LOADER = "$(TEST_HOST)";
				FRAMEWORK_SEARCH_PATHS = (
					"$(SDKROOT)/Developer/Library/Frameworks",
					"$(inherited)",
				);
				GCC_PREPROCESSOR_DEFINITIONS = (
					"DEBUG=1",
					"$(inherited)",
				);
				INFOPLIST_FILE = ch0503Tests/Info.plist;
				LD_RUNPATH_SEARCH_PATHS = "$(inherited) @executable_path/Frameworks @loader_path/Frameworks";
				PRODUCT_NAME = "$(TARGET_NAME)";
				TEST_HOST = "$(BUILT_PRODUCTS_DIR)/ch0503.app/ch0503";
			};
			name = Debug;
		};
		4D3F5D591DEC6AEA00E59500 /* Release */ = {
			isa = XCBuildConfiguration;
			buildSettings = {
				BUNDLE_LOADER = "$(TEST_HOST)";
				FRAMEWORK_SEARCH_PATHS = (
					"$(SDKROOT)/Developer/Library/Frameworks",
					"$(inherited)",
				);
				INFOPLIST_FILE = ch0503Tests/Info.plist;
				LD_RUNPATH_SEARCH_PATHS = "$(inherited) @executable_path/Frameworks @loader_path/Frameworks";
				PRODUCT_NAME = "$(TARGET_NAME)";
				TEST_HOST = "$(BUILT_PRODUCTS_DIR)/ch0503.app/ch0503";
			};
			name = Release;
		};
/* End XCBuildConfiguration section */

/* Begin XCConfigurationList section */
		4D3F5D301DEC6AEA00E59500 /* Build configuration list for PBXProject "ch0503" */ = {
			isa = XCConfigurationList;
			buildConfigurations = (
				4D3F5D521DEC6AEA00E59500 /* Debug */,
				4D3F5D531DEC6AEA00E59500 /* Release */,
			);
			defaultConfigurationIsVisible = 0;
			defaultConfigurationName = Release;
		};
		4D3F5D541DEC6AEA00E59500 /* Build configuration list for PBXNativeTarget "ch0503" */ = {
			isa = XCConfigurationList;
			buildConfigurations = (
				4D3F5D551DEC6AEA00E59500 /* Debug */,
				4D3F5D561DEC6AEA00E59500 /* Release */,
			);
			defaultConfigurationIsVisible = 0;
		};
		4D3F5D571DEC6AEA00E59500 /* Build configuration list for PBXNativeTarget "ch0503Tests" */ = {
			isa = XCConfigurationList;
			buildConfigurations = (
				4D3F5D581DEC6AEA00E59500 /* Debug */,
				4D3F5D591DEC6AEA00E59500 /* Release */,
			);
			defaultConfigurationIsVisible = 0;
		};
/* End XCConfigurationList section */
	};
	rootObject = 4D3F5D2D1DEC6AEA00E59500 /* Project object */;
}
