// !$*UTF8*$!
{
	archiveVersion = 1;
	classes = {
	};
	objectVersion = 46;
	objects = {

/* Begin PBXBuildFile section */
		4D3F5D691DEC6EC900E59500 /* AppDelegate.swift in Sources */ = {isa = PBXBuildFile; fileRef = 4D3F5D681DEC6EC900E59500 /* AppDelegate.swift */; };
		4D3F5D6B1DEC6EC900E59500 /* ViewController.swift in Sources */ = {isa = PBXBuildFile; fileRef = 4D3F5D6A1DEC6EC900E59500 /* ViewController.swift */; };
		4D3F5D6E1DEC6EC900E59500 /* Main.storyboard in Resources */ = {isa = PBXBuildFile; fileRef = 4D3F5D6C1DEC6EC900E59500 /* Main.storyboard */; };
		4D3F5D701DEC6EC900E59500 /* Images.xcassets in Resources */ = {isa = PBXBuildFile; fileRef = 4D3F5D6F1DEC6EC900E59500 /* Images.xcassets */; };
		4D3F5D731DEC6EC900E59500 /* LaunchScreen.xib in Resources */ = {isa = PBXBuildFile; fileRef = 4D3F5D711DEC6EC900E59500 /* LaunchScreen.xib */; };
		4D3F5D7F1DEC6EC900E59500 /* ch0503testTests.swift in Sources */ = {isa = PBXBuildFile; fileRef = 4D3F5D7E1DEC6EC900E59500 /* ch0503testTests.swift */; };
/* End PBXBuildFile section */

/* Begin PBXContainerItemProxy section */
		4D3F5D791DEC6EC900E59500 /* PBXContainerItemProxy */ = {
			isa = PBXContainerItemProxy;
			containerPortal = 4D3F5D5B1DEC6EC900E59500 /* Project object */;
			proxyType = 1;
			remoteGlobalIDString = 4D3F5D621DEC6EC900E59500;
			remoteInfo = ch0503test;
		};
/* End PBXContainerItemProxy section */

/* Begin PBXFileReference section */
		4D3F5D631DEC6EC900E59500 /* ch0503test.app */ = {isa = PBXFileReference; explicitFileType = wrapper.application; includeInIndex = 0; path = ch0503test.app; sourceTree = BUILT_PRODUCTS_DIR; };
		4D3F5D671DEC6EC900E59500 /* Info.plist */ = {isa = PBXFileReference; lastKnownFileType = text.plist.xml; path = Info.plist; sourceTree = "<group>"; };
		4D3F5D681DEC6EC900E59500 /* AppDelegate.swift */ = {isa = PBXFileReference; lastKnownFileType = sourcecode.swift; path = AppDelegate.swift; sourceTree = "<group>"; };
		4D3F5D6A1DEC6EC900E59500 /* ViewController.swift */ = {isa = PBXFileReference; lastKnownFileType = sourcecode.swift; path = ViewController.swift; sourceTree = "<group>"; };
		4D3F5D6D1DEC6EC900E59500 /* Base */ = {isa = PBXFileReference; lastKnownFileType = file.storyboard; name = Base; path = Base.lproj/Main.storyboard; sourceTree = "<group>"; };
		4D3F5D6F1DEC6EC900E59500 /* Images.xcassets */ = {isa = PBXFileReference; lastKnownFileType = folder.assetcatalog; path = Images.xcassets; sourceTree = "<group>"; };
		4D3F5D721DEC6EC900E59500 /* Base */ = {isa = PBXFileReference; lastKnownFileType = file.xib; name = Base; path = Base.lproj/LaunchScreen.xib; sourceTree = "<group>"; };
		4D3F5D781DEC6EC900E59500 /* ch0503testTests.xctest */ = {isa = PBXFileReference; explicitFileType = wrapper.cfbundle; includeInIndex = 0; path = ch0503testTests.xctest; sourceTree = BUILT_PRODUCTS_DIR; };
		4D3F5D7D1DEC6EC900E59500 /* Info.plist */ = {isa = PBXFileReference; lastKnownFileType = text.plist.xml; path = Info.plist; sourceTree = "<group>"; };
		4D3F5D7E1DEC6EC900E59500 /* ch0503testTests.swift */ = {isa = PBXFileReference; lastKnownFileType = sourcecode.swift; path = ch0503testTests.swift; sourceTree = "<group>"; };
/* End PBXFileReference section */

/* Begin PBXFrameworksBuildPhase section */
		4D3F5D601DEC6EC900E59500 /* Frameworks */ = {
			isa = PBXFrameworksBuildPhase;
			buildActionMask = 2147483647;
			files = (
			);
			runOnlyForDeploymentPostprocessing = 0;
		};
		4D3F5D751DEC6EC900E59500 /* Frameworks */ = {
			isa = PBXFrameworksBuildPhase;
			buildActionMask = 2147483647;
			files = (
			);
			runOnlyForDeploymentPostprocessing = 0;
		};
/* End PBXFrameworksBuildPhase section */

/* Begin PBXGroup section */
		4D3F5D5A1DEC6EC900E59500 = {
			isa = PBXGroup;
			children = (
				4D3F5D651DEC6EC900E59500 /* ch0503test */,
				4D3F5D7B1DEC6EC900E59500 /* ch0503testTests */,
				4D3F5D641DEC6EC900E59500 /* Products */,
			);
			sourceTree = "<group>";
		};
		4D3F5D641DEC6EC900E59500 /* Products */ = {
			isa = PBXGroup;
			children = (
				4D3F5D631DEC6EC900E59500 /* ch0503test.app */,
				4D3F5D781DEC6EC900E59500 /* ch0503testTests.xctest */,
			);
			name = Products;
			sourceTree = "<group>";
		};
		4D3F5D651DEC6EC900E59500 /* ch0503test */ = {
			isa = PBXGroup;
			children = (
				4D3F5D681DEC6EC900E59500 /* AppDelegate.swift */,
				4D3F5D6A1DEC6EC900E59500 /* ViewController.swift */,
				4D3F5D6C1DEC6EC900E59500 /* Main.storyboard */,
				4D3F5D6F1DEC6EC900E59500 /* Images.xcassets */,
				4D3F5D711DEC6EC900E59500 /* LaunchScreen.xib */,
				4D3F5D661DEC6EC900E59500 /* Supporting Files */,
			);
			path = ch0503test;
			sourceTree = "<group>";
		};
		4D3F5D661DEC6EC900E59500 /* Supporting Files */ = {
			isa = PBXGroup;
			children = (
				4D3F5D671DEC6EC900E59500 /* Info.plist */,
			);
			name = "Supporting Files";
			sourceTree = "<group>";
		};
		4D3F5D7B1DEC6EC900E59500 /* ch0503testTests */ = {
			isa = PBXGroup;
			children = (
				4D3F5D7E1DEC6EC900E59500 /* ch0503testTests.swift */,
				4D3F5D7C1DEC6EC900E59500 /* Supporting Files */,
			);
			path = ch0503testTests;
			sourceTree = "<group>";
		};
		4D3F5D7C1DEC6EC900E59500 /* Supporting Files */ = {
			isa = PBXGroup;
			children = (
				4D3F5D7D1DEC6EC900E59500 /* Info.plist */,
			);
			name = "Supporting Files";
			sourceTree = "<group>";
		};
/* End PBXGroup section */

/* Begin PBXNativeTarget section */
		4D3F5D621DEC6EC900E59500 /* ch0503test */ = {
			isa = PBXNativeTarget;
			buildConfigurationList = 4D3F5D821DEC6EC900E59500 /* Build configuration list for PBXNativeTarget "ch0503test" */;
			buildPhases = (
				4D3F5D5F1DEC6EC900E59500 /* Sources */,
				4D3F5D601DEC6EC900E59500 /* Frameworks */,
				4D3F5D611DEC6EC900E59500 /* Resources */,
			);
			buildRules = (
			);
			dependencies = (
			);
			name = ch0503test;
			productName = ch0503test;
			productReference = 4D3F5D631DEC6EC900E59500 /* ch0503test.app */;
			productType = "com.apple.product-type.application";
		};
		4D3F5D771DEC6EC900E59500 /* ch0503testTests */ = {
			isa = PBXNativeTarget;
			buildConfigurationList = 4D3F5D851DEC6EC900E59500 /* Build configuration list for PBXNativeTarget "ch0503testTests" */;
			buildPhases = (
				4D3F5D741DEC6EC900E59500 /* Sources */,
				4D3F5D751DEC6EC900E59500 /* Frameworks */,
				4D3F5D761DEC6EC900E59500 /* Resources */,
			);
			buildRules = (
			);
			dependencies = (
				4D3F5D7A1DEC6EC900E59500 /* PBXTargetDependency */,
			);
			name = ch0503testTests;
			productName = ch0503testTests;
			productReference = 4D3F5D781DEC6EC900E59500 /* ch0503testTests.xctest */;
			productType = "com.apple.product-type.bundle.unit-test";
		};
/* End PBXNativeTarget section */

/* Begin PBXProject section */
		4D3F5D5B1DEC6EC900E59500 /* Project object */ = {
			isa = PBXProject;
			attributes = {
				LastUpgradeCheck = 0630;
				ORGANIZATIONNAME = zhizhi;
				TargetAttributes = {
					4D3F5D621DEC6EC900E59500 = {
						CreatedOnToolsVersion = 6.3.2;
					};
					4D3F5D771DEC6EC900E59500 = {
						CreatedOnToolsVersion = 6.3.2;
						TestTargetID = 4D3F5D621DEC6EC900E59500;
					};
				};
			};
			buildConfigurationList = 4D3F5D5E1DEC6EC900E59500 /* Build configuration list for PBXProject "ch0503test" */;
			compatibilityVersion = "Xcode 3.2";
			developmentRegion = English;
			hasScannedForEncodings = 0;
			knownRegions = (
				en,
				Base,
			);
			mainGroup = 4D3F5D5A1DEC6EC900E59500;
			productRefGroup = 4D3F5D641DEC6EC900E59500 /* Products */;
			projectDirPath = "";
			projectRoot = "";
			targets = (
				4D3F5D621DEC6EC900E59500 /* ch0503test */,
				4D3F5D771DEC6EC900E59500 /* ch0503testTests */,
			);
		};
/* End PBXProject section */

/* Begin PBXResourcesBuildPhase section */
		4D3F5D611DEC6EC900E59500 /* Resources */ = {
			isa = PBXResourcesBuildPhase;
			buildActionMask = 2147483647;
			files = (
				4D3F5D6E1DEC6EC900E59500 /* Main.storyboard in Resources */,
				4D3F5D731DEC6EC900E59500 /* LaunchScreen.xib in Resources */,
				4D3F5D701DEC6EC900E59500 /* Images.xcassets in Resources */,
			);
			runOnlyForDeploymentPostprocessing = 0;
		};
		4D3F5D761DEC6EC900E59500 /* Resources */ = {
			isa = PBXResourcesBuildPhase;
			buildActionMask = 2147483647;
			files = (
			);
			runOnlyForDeploymentPostprocessing = 0;
		};
/* End PBXResourcesBuildPhase section */

/* Begin PBXSourcesBuildPhase section */
		4D3F5D5F1DEC6EC900E59500 /* Sources */ = {
			isa = PBXSourcesBuildPhase;
			buildActionMask = 2147483647;
			files = (
				4D3F5D6B1DEC6EC900E59500 /* ViewController.swift in Sources */,
				4D3F5D691DEC6EC900E59500 /* AppDelegate.swift in Sources */,
			);
			runOnlyForDeploymentPostprocessing = 0;
		};
		4D3F5D741DEC6EC900E59500 /* Sources */ = {
			isa = PBXSourcesBuildPhase;
			buildActionMask = 2147483647;
			files = (
				4D3F5D7F1DEC6EC900E59500 /* ch0503testTests.swift in Sources */,
			);
			runOnlyForDeploymentPostprocessing = 0;
		};
/* End PBXSourcesBuildPhase section */

/* Begin PBXTargetDependency section */
		4D3F5D7A1DEC6EC900E59500 /* PBXTargetDependency */ = {
			isa = PBXTargetDependency;
			target = 4D3F5D621DEC6EC900E59500 /* ch0503test */;
			targetProxy = 4D3F5D791DEC6EC900E59500 /* PBXContainerItemProxy */;
		};
/* End PBXTargetDependency section */

/* Begin PBXVariantGroup section */
		4D3F5D6C1DEC6EC900E59500 /* Main.storyboard */ = {
			isa = PBXVariantGroup;
			children = (
				4D3F5D6D1DEC6EC900E59500 /* Base */,
			);
			name = Main.storyboard;
			sourceTree = "<group>";
		};
		4D3F5D711DEC6EC900E59500 /* LaunchScreen.xib */ = {
			isa = PBXVariantGroup;
			children = (
				4D3F5D721DEC6EC900E59500 /* Base */,
			);
			name = LaunchScreen.xib;
			sourceTree = "<group>";
		};
/* End PBXVariantGroup section */

/* Begin XCBuildConfiguration section */
		4D3F5D801DEC6EC900E59500 /* Debug */ = {
			isa = XCBuildConfiguration;
			buildSettings = {
				ALWAYS_SEARCH_USER_PATHS = NO;
				CLANG_CXX_LANGUAGE_STANDARD = "gnu++0x";
				CLANG_CXX_LIBRARY = "libc++";
				CLANG_ENABLE_MODULES = YES;
				CLANG_ENABLE_OBJC_ARC = YES;
				CLANG_WARN_BOOL_CONVERSION = YES;
				CLANG_WARN_CONSTANT_CONVERSION = YES;
				CLANG_WARN_DIRECT_OBJC_ISA_USAGE = YES_ERROR;
				CLANG_WARN_EMPTY_BODY = YES;
				CLANG_WARN_ENUM_CONVERSION = YES;
				CLANG_WARN_INT_CONVERSION = YES;
				CLANG_WARN_OBJC_ROOT_CLASS = YES_ERROR;
				CLANG_WARN_UNREACHABLE_CODE = YES;
				CLANG_WARN__DUPLICATE_METHOD_MATCH = YES;
				"CODE_SIGN_IDENTITY[sdk=iphoneos*]" = "iPhone Developer";
				COPY_PHASE_STRIP = NO;
				DEBUG_INFORMATION_FORMAT = "dwarf-with-dsym";
				ENABLE_STRICT_OBJC_MSGSEND = YES;
				GCC_C_LANGUAGE_STANDARD = gnu99;
				GCC_DYNAMIC_NO_PIC = NO;
				GCC_NO_COMMON_BLOCKS = YES;
				GCC_OPTIMIZATION_LEVEL = 0;
				GCC_PREPROCESSOR_DEFINITIONS = (
					"DEBUG=1",
					"$(inherited)",
				);
				GCC_SYMBOLS_PRIVATE_EXTERN = NO;
				GCC_WARN_64_TO_32_BIT_CONVERSION = YES;
				GCC_WARN_ABOUT_RETURN_TYPE = YES_ERROR;
				GCC_WARN_UNDECLARED_SELECTOR = YES;
				GCC_WARN_UNINITIALIZED_AUTOS = YES_AGGRESSIVE;
				GCC_WARN_UNUSED_FUNCTION = YES;
				GCC_WARN_UNUSED_VARIABLE = YES;
				IPHONEOS_DEPLOYMENT_TARGET = 8.3;
				MTL_ENABLE_DEBUG_INFO = YES;
				ONLY_ACTIVE_ARCH = YES;
				SDKROOT = iphoneos;
				SWIFT_OPTIMIZATION_LEVEL = "-Onone";
			};
			name = Debug;
		};
		4D3F5D811DEC6EC900E59500 /* Release */ = {
			isa = XCBuildConfiguration;
			buildSettings = {
				ALWAYS_SEARCH_USER_PATHS = NO;
				CLANG_CXX_LANGUAGE_STANDARD = "gnu++0x";
				CLANG_CXX_LIBRARY = "libc++";
				CLANG_ENABLE_MODULES = YES;
				CLANG_ENABLE_OBJC_ARC = YES;
				CLANG_WARN_BOOL_CONVERSION = YES;
				CLANG_WARN_CONSTANT_CONVERSION = YES;
				CLANG_WARN_DIRECT_OBJC_ISA_USAGE = YES_ERROR;
				CLANG_WARN_EMPTY_BODY = YES;
				CLANG_WARN_ENUM_CONVERSION = YES;
				CLANG_WARN_INT_CONVERSION = YES;
				CLANG_WARN_OBJC_ROOT_CLASS = YES_ERROR;
				CLANG_WARN_UNREACHABLE_CODE = YES;
				CLANG_WARN__DUPLICATE_METHOD_MATCH = YES;
				"CODE_SIGN_IDENTITY[sdk=iphoneos*]" = "iPhone Developer";
				COPY_PHASE_STRIP = NO;
				DEBUG_INFORMATION_FORMAT = "dwarf-with-dsym";
				ENABLE_NS_ASSERTIONS = NO;
				ENABLE_STRICT_OBJC_MSGSEND = YES;
				GCC_C_LANGUAGE_STANDARD = gnu99;
				GCC_NO_COMMON_BLOCKS = YES;
				GCC_WARN_64_TO_32_BIT_CONVERSION = YES;
				GCC_WARN_ABOUT_RETURN_TYPE = YES_ERROR;
				GCC_WARN_UNDECLARED_SELECTOR = YES;
				GCC_WARN_UNINITIALIZED_AUTOS = YES_AGGRESSIVE;
				GCC_WARN_UNUSED_FUNCTION = YES;
				GCC_WARN_UNUSED_VARIABLE = YES;
				IPHONEOS_DEPLOYMENT_TARGET = 8.3;
				MTL_ENABLE_DEBUG_INFO = NO;
				SDKROOT = iphoneos;
				VALIDATE_PRODUCT = YES;
			};
			name = Release;
		};
		4D3F5D831DEC6EC900E59500 /* Debug */ = {
			isa = XCBuildConfiguration;
			buildSettings = {
				ASSETCATALOG_COMPILER_APPICON_NAME = AppIcon;
				INFOPLIST_FILE = ch0503test/Info.plist;
				LD_RUNPATH_SEARCH_PATHS = "$(inherited) @executable_path/Frameworks";
				PRODUCT_NAME = "$(TARGET_NAME)";
			};
			name = Debug;
		};
		4D3F5D841DEC6EC900E59500 /* Release */ = {
			isa = XCBuildConfiguration;
			buildSettings = {
				ASSETCATALOG_COMPILER_APPICON_NAME = AppIcon;
				INFOPLIST_FILE = ch0503test/Info.plist;
				LD_RUNPATH_SEARCH_PATHS = "$(inherited) @executable_path/Frameworks";
				PRODUCT_NAME = "$(TARGET_NAME)";
			};
			name = Release;
		};
		4D3F5D861DEC6EC900E59500 /* Debug */ = {
			isa = XCBuildConfiguration;
			buildSettings = {
				BUNDLE_LOADER = "$(TEST_HOST)";
				FRAMEWORK_SEARCH_PATHS = (
					"$(SDKROOT)/Developer/Library/Frameworks",
					"$(inherited)",
				);
				GCC_PREPROCESSOR_DEFINITIONS = (
					"DEBUG=1",
					"$(inherited)",
				);
				INFOPLIST_FILE = ch0503testTests/Info.plist;
				LD_RUNPATH_SEARCH_PATHS = "$(inherited) @executable_path/Frameworks @loader_path/Frameworks";
				PRODUCT_NAME = "$(TARGET_NAME)";
				TEST_HOST = "$(BUILT_PRODUCTS_DIR)/ch0503test.app/ch0503test";
			};
			name = Debug;
		};
		4D3F5D871DEC6EC900E59500 /* Release */ = {
			isa = XCBuildConfiguration;
			buildSettings = {
				BUNDLE_LOADER = "$(TEST_HOST)";
				FRAMEWORK_SEARCH_PATHS = (
					"$(SDKROOT)/Developer/Library/Frameworks",
					"$(inherited)",
				);
				INFOPLIST_FILE = ch0503testTests/Info.plist;
				LD_RUNPATH_SEARCH_PATHS = "$(inherited) @executable_path/Frameworks @loader_path/Frameworks";
				PRODUCT_NAME = "$(TARGET_NAME)";
				TEST_HOST = "$(BUILT_PRODUCTS_DIR)/ch0503test.app/ch0503test";
			};
			name = Release;
		};
/* End XCBuildConfiguration section */

/* Begin XCConfigurationList section */
		4D3F5D5E1DEC6EC900E59500 /* Build configuration list for PBXProject "ch0503test" */ = {
			isa = XCConfigurationList;
			buildConfigurations = (
				4D3F5D801DEC6EC900E59500 /* Debug */,
				4D3F5D811DEC6EC900E59500 /* Release */,
			);
			defaultConfigurationIsVisible = 0;
			defaultConfigurationName = Release;
		};
		4D3F5D821DEC6EC900E59500 /* Build configuration list for PBXNativeTarget "ch0503test" */ = {
			isa = XCConfigurationList;
			buildConfigurations = (
				4D3F5D831DEC6EC900E59500 /* Debug */,
				4D3F5D841DEC6EC900E59500 /* Release */,
			);
			defaultConfigurationIsVisible = 0;
		};
		4D3F5D851DEC6EC900E59500 /* Build configuration list for PBXNativeTarget "ch0503testTests" */ = {
			isa = XCConfigurationList;
			buildConfigurations = (
				4D3F5D861DEC6EC900E59500 /* Debug */,
				4D3F5D871DEC6EC900E59500 /* Release */,
			);
			defaultConfigurationIsVisible = 0;
		};
/* End XCConfigurationList section */
	};
	rootObject = 4D3F5D5B1DEC6EC900E59500 /* Project object */;
}
